
Microsoft Visual Studio Solution File, Format Version 12.00
# Visual Studio Version 17
VisualStudioVersion = 17.5.33530.505
MinimumVisualStudioVersion = 10.0.40219.1
Project("{FAE04EC0-301F-11D3-BF4B-00C04F79EFBC}") = "LiturgiaMVC", "LiturgiaMVC\LiturgiaMVC.csproj", "{AD13F8F3-D13E-4ADF-BD36-2359AA1B55B9}"
EndProject
Global
	GlobalSection(SolutionConfigurationPlatforms) = preSolution
		Debug|Any CPU = Debug|Any CPU
		Release|Any CPU = Release|Any CPU
	EndGlobalSection
	GlobalSection(ProjectConfigurationPlatforms) = postSolution
		{AD13F8F3-D13E-4ADF-BD36-2359AA1B55B9}.Debug|Any CPU.ActiveCfg = Debug|Any CPU
		{AD13F8F3-D13E-4ADF-BD36-2359AA1B55B9}.Debug|Any CPU.Build.0 = Debug|Any CPU
		{AD13F8F3-D13E-4ADF-BD36-2359AA1B55B9}.Release|Any CPU.ActiveCfg = Release|Any CPU
		{AD13F8F3-D13E-4ADF-BD36-2359AA1B55B9}.Release|Any CPU.Build.0 = Release|Any CPU
	EndGlobalSection
	GlobalSection(SolutionProperties) = preSolution
		HideSolutionNode = FALSE
	EndGlobalSection
	GlobalSection(ExtensibilityGlobals) = postSolution
		SolutionGuid = {8BAA3AB3-C718-4A62-814D-018296C0EC84}
	EndGlobalSection
EndGlobal
